
Microsoft Visual Studio Solution File, Format Version 12.00
# Visual Studio 2012
Project("{FAE04EC0-301F-11D3-BF4B-00C04F79EFBC}") = "UI", "UI\UI.csproj", "{7214DA46-E85C-4E31-8B2B-DB13029F89D8}"
EndProject
Project("{FAE04EC0-301F-11D3-BF4B-00C04F79EFBC}") = "Core.Domain", "Core.Domain\Core.Domain.csproj", "{8B725719-EB08-499B-B45B-85D902928220}"
EndProject
Project("{FAE04EC0-301F-11D3-BF4B-00C04F79EFBC}") = "Core.Infrastructure", "Core.Infrastructure\Core.Infrastructure.csproj", "{F23387C7-CF0E-4E8C-B164-822BE877AEA7}"
EndProject
Project("{FAE04EC0-301F-11D3-BF4B-00C04F79EFBC}") = "Core.Application", "Core.Application\Core.Application.csproj", "{6F9F22DB-BABD-4B4C-BED4-43941166B189}"
EndProject
Project("{FAE04EC0-301F-11D3-BF4B-00C04F79EFBC}") = "ConsoleUI", "ConsoleUI\ConsoleUI.csproj", "{3D9AD078-2EE3-45AE-87E1-DAD0530287AD}"
EndProject
Project("{2150E333-8FDC-42A3-9474-1A3956D46DE8}") = "Tests", "Tests", "{4679CDB1-0842-4922-8513-04FB645425FD}"
EndProject
Project("{2150E333-8FDC-42A3-9474-1A3956D46DE8}") = "Interfaces", "Interfaces", "{F0B9DF8F-A481-4476-AFFA-8F9B798CF5A4}"
EndProject
Project("{2150E333-8FDC-42A3-9474-1A3956D46DE8}") = "Core", "Core", "{69133F37-3313-434D-BCB6-F2976D940B59}"
EndProject
Project("{2150E333-8FDC-42A3-9474-1A3956D46DE8}") = "UnitTests", "UnitTests", "{F397969B-C7E9-416E-A236-67F749737B32}"
EndProject
Project("{FAE04EC0-301F-11D3-BF4B-00C04F79EFBC}") = "Core.Infrastructure.UnitTests", "Core.Infrastructure.UnitTests\Core.Infrastructure.UnitTests.csproj", "{BF2A3610-C5D1-4B76-9341-46BA98981E13}"
EndProject
Project("{FAE04EC0-301F-11D3-BF4B-00C04F79EFBC}") = "Core.Application.UnitTests", "Core.Application.UnitTests\Core.Application.UnitTests.csproj", "{BA764CA9-1939-4802-9FBE-419C71997A94}"
EndProject
Project("{FAE04EC0-301F-11D3-BF4B-00C04F79EFBC}") = "Core.ObjectsMother", "Core.ObjectsMother\Core.ObjectsMother.csproj", "{1D85922C-D48E-4B50-9B23-FDCED25A248F}"
EndProject
Global
	GlobalSection(SolutionConfigurationPlatforms) = preSolution
		Debug|Any CPU = Debug|Any CPU
		Release|Any CPU = Release|Any CPU
	EndGlobalSection
	GlobalSection(ProjectConfigurationPlatforms) = postSolution
		{7214DA46-E85C-4E31-8B2B-DB13029F89D8}.Debug|Any CPU.ActiveCfg = Debug|Any CPU
		{7214DA46-E85C-4E31-8B2B-DB13029F89D8}.Debug|Any CPU.Build.0 = Debug|Any CPU
		{7214DA46-E85C-4E31-8B2B-DB13029F89D8}.Release|Any CPU.ActiveCfg = Release|Any CPU
		{7214DA46-E85C-4E31-8B2B-DB13029F89D8}.Release|Any CPU.Build.0 = Release|Any CPU
		{8B725719-EB08-499B-B45B-85D902928220}.Debug|Any CPU.ActiveCfg = Debug|Any CPU
		{8B725719-EB08-499B-B45B-85D902928220}.Debug|Any CPU.Build.0 = Debug|Any CPU
		{8B725719-EB08-499B-B45B-85D902928220}.Release|Any CPU.ActiveCfg = Release|Any CPU
		{8B725719-EB08-499B-B45B-85D902928220}.Release|Any CPU.Build.0 = Release|Any CPU
		{F23387C7-CF0E-4E8C-B164-822BE877AEA7}.Debug|Any CPU.ActiveCfg = Debug|Any CPU
		{F23387C7-CF0E-4E8C-B164-822BE877AEA7}.Debug|Any CPU.Build.0 = Debug|Any CPU
		{F23387C7-CF0E-4E8C-B164-822BE877AEA7}.Release|Any CPU.ActiveCfg = Release|Any CPU
		{F23387C7-CF0E-4E8C-B164-822BE877AEA7}.Release|Any CPU.Build.0 = Release|Any CPU
		{6F9F22DB-BABD-4B4C-BED4-43941166B189}.Debug|Any CPU.ActiveCfg = Debug|Any CPU
		{6F9F22DB-BABD-4B4C-BED4-43941166B189}.Debug|Any CPU.Build.0 = Debug|Any CPU
		{6F9F22DB-BABD-4B4C-BED4-43941166B189}.Release|Any CPU.ActiveCfg = Release|Any CPU
		{6F9F22DB-BABD-4B4C-BED4-43941166B189}.Release|Any CPU.Build.0 = Release|Any CPU
		{3D9AD078-2EE3-45AE-87E1-DAD0530287AD}.Debug|Any CPU.ActiveCfg = Debug|Any CPU
		{3D9AD078-2EE3-45AE-87E1-DAD0530287AD}.Debug|Any CPU.Build.0 = Debug|Any CPU
		{3D9AD078-2EE3-45AE-87E1-DAD0530287AD}.Release|Any CPU.ActiveCfg = Release|Any CPU
		{3D9AD078-2EE3-45AE-87E1-DAD0530287AD}.Release|Any CPU.Build.0 = Release|Any CPU
		{BF2A3610-C5D1-4B76-9341-46BA98981E13}.Debug|Any CPU.ActiveCfg = Debug|Any CPU
		{BF2A3610-C5D1-4B76-9341-46BA98981E13}.Debug|Any CPU.Build.0 = Debug|Any CPU
		{BF2A3610-C5D1-4B76-9341-46BA98981E13}.Release|Any CPU.ActiveCfg = Release|Any CPU
		{BF2A3610-C5D1-4B76-9341-46BA98981E13}.Release|Any CPU.Build.0 = Release|Any CPU
		{BA764CA9-1939-4802-9FBE-419C71997A94}.Debug|Any CPU.ActiveCfg = Debug|Any CPU
		{BA764CA9-1939-4802-9FBE-419C71997A94}.Debug|Any CPU.Build.0 = Debug|Any CPU
		{BA764CA9-1939-4802-9FBE-419C71997A94}.Release|Any CPU.ActiveCfg = Release|Any CPU
		{BA764CA9-1939-4802-9FBE-419C71997A94}.Release|Any CPU.Build.0 = Release|Any CPU
		{1D85922C-D48E-4B50-9B23-FDCED25A248F}.Debug|Any CPU.ActiveCfg = Debug|Any CPU
		{1D85922C-D48E-4B50-9B23-FDCED25A248F}.Debug|Any CPU.Build.0 = Debug|Any CPU
		{1D85922C-D48E-4B50-9B23-FDCED25A248F}.Release|Any CPU.ActiveCfg = Release|Any CPU
		{1D85922C-D48E-4B50-9B23-FDCED25A248F}.Release|Any CPU.Build.0 = Release|Any CPU
	EndGlobalSection
	GlobalSection(SolutionProperties) = preSolution
		HideSolutionNode = FALSE
	EndGlobalSection
	GlobalSection(NestedProjects) = preSolution
		{3D9AD078-2EE3-45AE-87E1-DAD0530287AD} = {F0B9DF8F-A481-4476-AFFA-8F9B798CF5A4}
		{7214DA46-E85C-4E31-8B2B-DB13029F89D8} = {F0B9DF8F-A481-4476-AFFA-8F9B798CF5A4}
		{F23387C7-CF0E-4E8C-B164-822BE877AEA7} = {69133F37-3313-434D-BCB6-F2976D940B59}
		{6F9F22DB-BABD-4B4C-BED4-43941166B189} = {69133F37-3313-434D-BCB6-F2976D940B59}
		{8B725719-EB08-499B-B45B-85D902928220} = {69133F37-3313-434D-BCB6-F2976D940B59}
		{F397969B-C7E9-416E-A236-67F749737B32} = {4679CDB1-0842-4922-8513-04FB645425FD}
		{BF2A3610-C5D1-4B76-9341-46BA98981E13} = {F397969B-C7E9-416E-A236-67F749737B32}
		{BA764CA9-1939-4802-9FBE-419C71997A94} = {F397969B-C7E9-416E-A236-67F749737B32}
		{1D85922C-D48E-4B50-9B23-FDCED25A248F} = {F397969B-C7E9-416E-A236-67F749737B32}
	EndGlobalSection
EndGlobal
